{
  "name": "follow-builders-scripts",
  "version": "1.0.0",
  "lockfileVersion": 3,
  "requires": true,
  "packages": {
    "": {
      "name": "follow-builders-scripts",
      "version": "1.0.0",
      "dependencies": {
        "dotenv": "^16.4.0",
        "marked": "^18.0.3",
        "openai": "^6.35.0",
        "proper-lockfile": "^4.1.0",
        "resend": "^6.12.2"
      }
    },
    "node_modules/@stablelib/base64": {
      "version": "1.0.1",
      "resolved": "https://registry.npmjs.org/@stablelib/base64/-/base64-1.0.1.tgz",
      "integrity": "sha512-1bnPQqSxSuc3Ii6MhBysoWCg58j97aUjuCSZrGSmDxNqtytIi0k8utUenAwTZN4V5mXXYGsVUI9zeBqy+jBOSQ==",
      "license": "MIT"
    },
    "node_modules/dotenv": {
      "version": "16.6.1",
      "resolved": "https://registry.npmjs.org/dotenv/-/dotenv-16.6.1.tgz",
      "integrity": "sha512-uBq4egWHTcTt33a72vpSG0z3HnPuIl6NqYcTrKEg2azoEyl2hpW0zqlxysq2pK9HlDIHyHyakeYaYnSAwd8bow==",
      "license": "BSD-2-Clause",
      "engines": {
        "node": ">=12"
      },
      "funding": {
        "url": "https://dotenvx.com"
      }
    },
    "node_modules/fast-sha256": {
      "version": "1.3.0",
      "resolved": "https://registry.npmjs.org/fast-sha256/-/fast-sha256-1.3.0.tgz",
      "integrity": "sha512-n11RGP/lrWEFI/bWdygLxhI+pVeo1ZYIVwvvPkW7azl/rOy+F3HYRZ2K5zeE9mmkhQppyv9sQFx0JM9UabnpPQ==",
      "license": "Unlicense"
    },
    "node_modules/graceful-fs": {
      "version": "4.2.11",
      "resolved": "https://registry.npmjs.org/graceful-fs/-/graceful-fs-4.2.11.tgz",
      "integrity": "sha512-RbJ5/jmFcNNCcDV5o9eTnBLJ/HszWV0P73bc+Ff4nS/rJj+YaS6IGyiOL0VoBYX+l1Wrl3k63h/KrH+nhJ0XvQ==",
      "license": "ISC"
    },
    "node_modules/marked": {
      "version": "18.0.3",
      "resolved": "https://registry.npmjs.org/marked/-/marked-18.0.3.tgz",
      "integrity": "sha512-7VT90JOkDeaRWpfjOReRGPEKn0ecdARBkDGL+tT1wZY0efPPqkUxLUSmzy/C7TIylQYJC9STISEsCHrqb/7VIA==",
      "license": "MIT",
      "bin": {
        "marked": "bin/marked.js"
      },
      "engines": {
        "node": ">= 20"
      }
    },
    "node_modules/openai": {
      "version": "6.35.0",
      "resolved": "https://registry.npmjs.org/openai/-/openai-6.35.0.tgz",
      "integrity": "sha512-L/skwIGnt5xQZHb0UfTu9uAUKbis3ehKypOuJKi20QvG7UStV6C8IC3myGYHcdiF4kms/bAvOJ9UqqNWqi8x/Q==",
      "license": "Apache-2.0",
      "bin": {
        "openai": "bin/cli"
      },
      "peerDependencies": {
        "ws": "^8.18.0",
        "zod": "^3.25 || ^4.0"
      },
      "peerDependenciesMeta": {
        "ws": {
          "optional": true
        },
        "zod": {
          "optional": true
        }
      }
    },
    "node_modules/postal-mime": {
      "version": "2.7.4",
      "resolved": "https://registry.npmjs.org/postal-mime/-/postal-mime-2.7.4.tgz",
      "integrity": "sha512-0WdnFQYUrPGGTFu1uOqD2s7omwua8xaeYGdO6rb88oD5yJ/4pPHDA4sdWqfD8wQVfCny563n/HQS7zTFft+f/g==",
      "license": "MIT-0"
    },
    "node_modules/proper-lockfile": {
      "version": "4.1.2",
      "resolved": "https://registry.npmjs.org/proper-lockfile/-/proper-lockfile-4.1.2.tgz",
      "integrity": "sha512-TjNPblN4BwAWMXU8s9AEz4JmQxnD1NNL7bNOY/AKUzyamc379FWASUhc/K1pL2noVb+XmZKLL68cjzLsiOAMaA==",
      "license": "MIT",
      "dependencies": {
        "graceful-fs": "^4.2.4",
        "retry": "^0.12.0",
        "signal-exit": "^3.0.2"
      }
    },
    "node_modules/resend": {
      "version": "6.12.2",
      "resolved": "https://registry.npmjs.org/resend/-/resend-6.12.2.tgz",
      "integrity": "sha512-xwgmU4b0OqoabJsIoK/x0Whk0Fcs3bpbK4i/DEWPiE5hYJHyHl0TbB6QbI3gIr+bLdLUJ1GYm/fe41aVFuHXgw==",
      "license": "MIT",
      "dependencies": {
        "postal-mime": "2.7.4",
        "svix": "1.90.0"
      },
      "engines": {
        "node": ">=20"
      },
      "peerDependencies": {
        "@react-email/render": "*"
      },
      "peerDependenciesMeta": {
        "@react-email/render": {
          "optional": true
        }
      }
    },
    "node_modules/retry": {
      "version": "0.12.0",
      "resolved": "https://registry.npmjs.org/retry/-/retry-0.12.0.tgz",
      "integrity": "sha512-9LkiTwjUh6rT555DtE9rTX+BKByPfrMzEAtnlEtdEwr3Nkffwiihqe2bWADg+OQRjt9gl6ICdmB/ZFDCGAtSow==",
      "license": "MIT",
      "engines": {
        "node": ">= 4"
      }
    },
    "node_modules/signal-exit": {
      "version": "3.0.7",
      "resolved": "https://registry.npmjs.org/signal-exit/-/signal-exit-3.0.7.tgz",
      "integrity": "sha512-wnD2ZE+l+SPC/uoS0vXeE9L1+0wuaMqKlfz9AMUo38JsyLSBWSFcHR1Rri62LZc12vLr1gb3jl7iwQhgwpAbGQ==",
      "license": "ISC"
    },
    "node_modules/standardwebhooks": {
      "version": "1.0.0",
      "resolved": "https://registry.npmjs.org/standardwebhooks/-/standardwebhooks-1.0.0.tgz",
      "integrity": "sha512-BbHGOQK9olHPMvQNHWul6MYlrRTAOKn03rOe4A8O3CLWhNf4YHBqq2HJKKC+sfqpxiBY52pNeesD6jIiLDz8jg==",
      "license": "MIT",
      "dependencies": {
        "@stablelib/base64": "^1.0.0",
        "fast-sha256": "^1.3.0"
      }
    },
    "node_modules/svix": {
      "version": "1.90.0",
      "resolved": "https://registry.npmjs.org/svix/-/svix-1.90.0.tgz",
      "integrity": "sha512-ljkZuyy2+IBEoESkIpn8sLM+sxJHQcPxlZFxU+nVDhltNfUMisMBzWX/UR8SjEnzoI28ZjCzMbmYAPwSTucoMw==",
      "license": "MIT",
      "dependencies": {
        "standardwebhooks": "1.0.0",
        "uuid": "^10.0.0"
      }
    },
    "node_modules/uuid": {
      "version": "10.0.0",
      "resolved": "https://registry.npmjs.org/uuid/-/uuid-10.0.0.tgz",
      "integrity": "sha512-8XkAphELsDnEGrDxUOHB3RGvXz6TeuYSGEZBOjtTtPm2lwhGBjLgOzLHB63IUWfBpNucQjND6d3AOudO+H3RWQ==",
      "deprecated": "uuid@10 and below is no longer supported.  For ESM codebases, update to uuid@latest.  For CommonJS codebases, use uuid@11 (but be aware this version will likely be deprecated in 2028).",
      "funding": [
        "https://github.com/sponsors/broofa",
        "https://github.com/sponsors/ctavan"
      ],
      "license": "MIT",
      "bin": {
        "uuid": "dist/bin/uuid"
      }
    }
  }
}
